// !$*UTF8*$!
{
	archiveVersion = 1;
	classes = {
	};
	objectVersion = 56;
	objects = {

/* Begin PBXBuildFile section */
		859C71BC2B6D01FF00DD233D /* GuessTheFlagApp.swift in Sources */ = {isa = PBXBuildFile; fileRef = 859C71BB2B6D01FF00DD233D /* GuessTheFlagApp.swift */; };
		859C71BE2B6D01FF00DD233D /* ContentView.swift in Sources */ = {isa = PBXBuildFile; fileRef = 859C71BD2B6D01FF00DD233D /* ContentView.swift */; };
		859C71C02B6D020100DD233D /* Assets.xcassets in Resources */ = {isa = PBXBuildFile; fileRef = 859C71BF2B6D020100DD233D /* Assets.xcassets */; };
		859C71C32B6D020100DD233D /* Preview Assets.xcassets in Resources */ = {isa = PBXBuildFile; fileRef = 859C71C22B6D020100DD233D /* Preview Assets.xcassets */; };
/* End PBXBuildFile section */

/* Begin PBXFileReference section */
		859C71B82B6D01FF00DD233D /* GuessTheFlag.app */ = {isa = PBXFileReference; explicitFileType = wrapper.application; includeInIndex = 0; path = GuessTheFlag.app; sourceTree = BUILT_PRODUCTS_DIR; };
		859C71BB2B6D01FF00DD233D /* GuessTheFlagApp.swift */ = {isa = PBXFileReference; lastKnownFileType = sourcecode.swift; path = GuessTheFlagApp.swift; sourceTree = "<group>"; };
		859C71BD2B6D01FF00DD233D /* ContentView.swift */ = {isa = PBXFileReference; lastKnownFileType = sourcecode.swift; path = ContentView.swift; sourceTree = "<group>"; };
		859C71BF2B6D020100DD233D /* Assets.xcassets */ = {isa = PBXFileReference; lastKnownFileType = folder.assetcatalog; path = Assets.xcassets; sourceTree = "<group>"; };
		859C71C22B6D020100DD233D /* Preview Assets.xcassets */ = {isa = PBXFileReference; lastKnownFileType = folder.assetcatalog; path = "Preview Assets.xcassets"; sourceTree = "<group>"; };
		859C71CC2B6D022500DD233D /* Spain@2x.png */ = {isa = PBXFileReference; lastKnownFileType = image.png; path = "Spain@2x.png"; sourceTree = "<group>"; };
		859C71CD2B6D022500DD233D /* Nigeria@2x.png */ = {isa = PBXFileReference; lastKnownFileType = image.png; path = "Nigeria@2x.png"; sourceTree = "<group>"; };
		859C71CE2B6D022500DD233D /* Nigeria@3x.png */ = {isa = PBXFileReference; lastKnownFileType = image.png; path = "Nigeria@3x.png"; sourceTree = "<group>"; };
		859C71CF2B6D022500DD233D /* Spain@3x.png */ = {isa = PBXFileReference; lastKnownFileType = image.png; path = "Spain@3x.png"; sourceTree = "<group>"; };
		859C71D02B6D022500DD233D /* Italy@3x.png */ = {isa = PBXFileReference; lastKnownFileType = image.png; path = "Italy@3x.png"; sourceTree = "<group>"; };
		859C71D12B6D022500DD233D /* Ireland@2x.png */ = {isa = PBXFileReference; lastKnownFileType = image.png; path = "Ireland@2x.png"; sourceTree = "<group>"; };
		859C71D22B6D022500DD233D /* Ukraine@3x.png */ = {isa = PBXFileReference; lastKnownFileType = image.png; path = "Ukraine@3x.png"; sourceTree = "<group>"; };
		859C71D32B6D022500DD233D /* Germany@3x.png */ = {isa = PBXFileReference; lastKnownFileType = image.png; path = "Germany@3x.png"; sourceTree = "<group>"; };
		859C71D42B6D022500DD233D /* Germany@2x.png */ = {isa = PBXFileReference; lastKnownFileType = image.png; path = "Germany@2x.png"; sourceTree = "<group>"; };
		859C71D52B6D022500DD233D /* Ukraine@2x.png */ = {isa = PBXFileReference; lastKnownFileType = image.png; path = "Ukraine@2x.png"; sourceTree = "<group>"; };
		859C71D62B6D022500DD233D /* Ireland@3x.png */ = {isa = PBXFileReference; lastKnownFileType = image.png; path = "Ireland@3x.png"; sourceTree = "<group>"; };
		859C71D72B6D022500DD233D /* Italy@2x.png */ = {isa = PBXFileReference; lastKnownFileType = image.png; path = "Italy@2x.png"; sourceTree = "<group>"; };
		859C71D82B6D022500DD233D /* Poland@2x.png */ = {isa = PBXFileReference; lastKnownFileType = image.png; path = "Poland@2x.png"; sourceTree = "<group>"; };
		859C71D92B6D022500DD233D /* Estonia@2x.png */ = {isa = PBXFileReference; lastKnownFileType = image.png; path = "Estonia@2x.png"; sourceTree = "<group>"; };
		859C71DA2B6D022500DD233D /* Estonia@3x.png */ = {isa = PBXFileReference; lastKnownFileType = image.png; path = "Estonia@3x.png"; sourceTree = "<group>"; };
		859C71DB2B6D022500DD233D /* Poland@3x.png */ = {isa = PBXFileReference; lastKnownFileType = image.png; path = "Poland@3x.png"; sourceTree = "<group>"; };
		859C71DC2B6D022500DD233D /* UK@3x.png */ = {isa = PBXFileReference; lastKnownFileType = image.png; path = "UK@3x.png"; sourceTree = "<group>"; };
		859C71DD2B6D022500DD233D /* US@3x.png */ = {isa = PBXFileReference; lastKnownFileType = image.png; path = "US@3x.png"; sourceTree = "<group>"; };
		859C71DE2B6D022500DD233D /* France@3x.png */ = {isa = PBXFileReference; lastKnownFileType = image.png; path = "France@3x.png"; sourceTree = "<group>"; };
		859C71DF2B6D022500DD233D /* Monaco@2x.png */ = {isa = PBXFileReference; lastKnownFileType = image.png; path = "Monaco@2x.png"; sourceTree = "<group>"; };
		859C71E02B6D022500DD233D /* Monaco@3x.png */ = {isa = PBXFileReference; lastKnownFileType = image.png; path = "Monaco@3x.png"; sourceTree = "<group>"; };
		859C71E12B6D022500DD233D /* France@2x.png */ = {isa = PBXFileReference; lastKnownFileType = image.png; path = "France@2x.png"; sourceTree = "<group>"; };
		859C71E22B6D022500DD233D /* US@2x.png */ = {isa = PBXFileReference; lastKnownFileType = image.png; path = "US@2x.png"; sourceTree = "<group>"; };
		859C71E32B6D022500DD233D /* UK@2x.png */ = {isa = PBXFileReference; lastKnownFileType = image.png; path = "UK@2x.png"; sourceTree = "<group>"; };
/* End PBXFileReference section */

/* Begin PBXFrameworksBuildPhase section */
		859C71B52B6D01FF00DD233D /* Frameworks */ = {
			isa = PBXFrameworksBuildPhase;
			buildActionMask = 2147483647;
			files = (
			);
			runOnlyForDeploymentPostprocessing = 0;
		};
/* End PBXFrameworksBuildPhase section */

/* Begin PBXGroup section */
		859C71AF2B6D01FF00DD233D = {
			isa = PBXGroup;
			children = (
				859C71CB2B6D022500DD233D /* project2-files */,
				859C71BA2B6D01FF00DD233D /* GuessTheFlag */,
				859C71B92B6D01FF00DD233D /* Products */,
			);
			sourceTree = "<group>";
		};
		859C71B92B6D01FF00DD233D /* Products */ = {
			isa = PBXGroup;
			children = (
				859C71B82B6D01FF00DD233D /* GuessTheFlag.app */,
			);
			name = Products;
			sourceTree = "<group>";
		};
		859C71BA2B6D01FF00DD233D /* GuessTheFlag */ = {
			isa = PBXGroup;
			children = (
				859C71BB2B6D01FF00DD233D /* GuessTheFlagApp.swift */,
				859C71BD2B6D01FF00DD233D /* ContentView.swift */,
				859C71BF2B6D020100DD233D /* Assets.xcassets */,
				859C71C12B6D020100DD233D /* Preview Content */,
			);
			path = GuessTheFlag;
			sourceTree = "<group>";
		};
		859C71C12B6D020100DD233D /* Preview Content */ = {
			isa = PBXGroup;
			children = (
				859C71C22B6D020100DD233D /* Preview Assets.xcassets */,
			);
			path = "Preview Content";
			sourceTree = "<group>";
		};
		859C71CB2B6D022500DD233D /* project2-files */ = {
			isa = PBXGroup;
			children = (
				859C71CC2B6D022500DD233D /* Spain@2x.png */,
				859C71CD2B6D022500DD233D /* Nigeria@2x.png */,
				859C71CE2B6D022500DD233D /* Nigeria@3x.png */,
				859C71CF2B6D022500DD233D /* Spain@3x.png */,
				859C71D02B6D022500DD233D /* Italy@3x.png */,
				859C71D12B6D022500DD233D /* Ireland@2x.png */,
				859C71D22B6D022500DD233D /* Ukraine@3x.png */,
				859C71D32B6D022500DD233D /* Germany@3x.png */,
				859C71D42B6D022500DD233D /* Germany@2x.png */,
				859C71D52B6D022500DD233D /* Ukraine@2x.png */,
				859C71D62B6D022500DD233D /* Ireland@3x.png */,
				859C71D72B6D022500DD233D /* Italy@2x.png */,
				859C71D82B6D022500DD233D /* Poland@2x.png */,
				859C71D92B6D022500DD233D /* Estonia@2x.png */,
				859C71DA2B6D022500DD233D /* Estonia@3x.png */,
				859C71DB2B6D022500DD233D /* Poland@3x.png */,
				859C71DC2B6D022500DD233D /* UK@3x.png */,
				859C71DD2B6D022500DD233D /* US@3x.png */,
				859C71DE2B6D022500DD233D /* France@3x.png */,
				859C71DF2B6D022500DD233D /* Monaco@2x.png */,
				859C71E02B6D022500DD233D /* Monaco@3x.png */,
				859C71E12B6D022500DD233D /* France@2x.png */,
				859C71E22B6D022500DD233D /* US@2x.png */,
				859C71E32B6D022500DD233D /* UK@2x.png */,
			);
			path = "project2-files";
			sourceTree = "<group>";
		};
/* End PBXGroup section */

/* Begin PBXNativeTarget section */
		859C71B72B6D01FF00DD233D /* GuessTheFlag */ = {
			isa = PBXNativeTarget;
			buildConfigurationList = 859C71C62B6D020100DD233D /* Build configuration list for PBXNativeTarget "GuessTheFlag" */;
			buildPhases = (
				859C71B42B6D01FF00DD233D /* Sources */,
				859C71B52B6D01FF00DD233D /* Frameworks */,
				859C71B62B6D01FF00DD233D /* Resources */,
			);
			buildRules = (
			);
			dependencies = (
			);
			name = GuessTheFlag;
			productName = GuessTheFlag;
			productReference = 859C71B82B6D01FF00DD233D /* GuessTheFlag.app */;
			productType = "com.apple.product-type.application";
		};
/* End PBXNativeTarget section */

/* Begin PBXProject section */
		859C71B02B6D01FF00DD233D /* Project object */ = {
			isa = PBXProject;
			attributes = {
				BuildIndependentTargetsInParallel = 1;
				LastSwiftUpdateCheck = 1520;
				LastUpgradeCheck = 1520;
				TargetAttributes = {
					859C71B72B6D01FF00DD233D = {
						CreatedOnToolsVersion = 15.2;
					};
				};
			};
			buildConfigurationList = 859C71B32B6D01FF00DD233D /* Build configuration list for PBXProject "GuessTheFlag" */;
			compatibilityVersion = "Xcode 14.0";
			developmentRegion = en;
			hasScannedForEncodings = 0;
			knownRegions = (
				en,
				Base,
			);
			mainGroup = 859C71AF2B6D01FF00DD233D;
			productRefGroup = 859C71B92B6D01FF00DD233D /* Products */;
			projectDirPath = "";
			projectRoot = "";
			targets = (
				859C71B72B6D01FF00DD233D /* GuessTheFlag */,
			);
		};
/* End PBXProject section */

/* Begin PBXResourcesBuildPhase section */
		859C71B62B6D01FF00DD233D /* Resources */ = {
			isa = PBXResourcesBuildPhase;
			buildActionMask = 2147483647;
			files = (
				859C71C32B6D020100DD233D /* Preview Assets.xcassets in Resources */,
				859C71C02B6D020100DD233D /* Assets.xcassets in Resources */,
			);
			runOnlyForDeploymentPostprocessing = 0;
		};
/* End PBXResourcesBuildPhase section */

/* Begin PBXSourcesBuildPhase section */
		859C71B42B6D01FF00DD233D /* Sources */ = {
			isa = PBXSourcesBuildPhase;
			buildActionMask = 2147483647;
			files = (
				859C71BE2B6D01FF00DD233D /* ContentView.swift in Sources */,
				859C71BC2B6D01FF00DD233D /* GuessTheFlagApp.swift in Sources */,
			);
			runOnlyForDeploymentPostprocessing = 0;
		};
/* End PBXSourcesBuildPhase section */

/* Begin XCBuildConfiguration section */
		859C71C42B6D020100DD233D /* Debug */ = {
			isa = XCBuildConfiguration;
			buildSettings = {
				ALWAYS_SEARCH_USER_PATHS = NO;
				ASSETCATALOG_COMPILER_GENERATE_SWIFT_ASSET_SYMBOL_EXTENSIONS = YES;
				CLANG_ANALYZER_NONNULL = YES;
				CLANG_ANALYZER_NUMBER_OBJECT_CONVERSION = YES_AGGRESSIVE;
				CLANG_CXX_LANGUAGE_STANDARD = "gnu++20";
				CLANG_ENABLE_MODULES = YES;
				CLANG_ENABLE_OBJC_ARC = YES;
				CLANG_ENABLE_OBJC_WEAK = YES;
				CLANG_WARN_BLOCK_CAPTURE_AUTORELEASING = YES;
				CLANG_WARN_BOOL_CONVERSION = YES;
				CLANG_WARN_COMMA = YES;
				CLANG_WARN_CONSTANT_CONVERSION = YES;
				CLANG_WARN_DEPRECATED_OBJC_IMPLEMENTATIONS = YES;
				CLANG_WARN_DIRECT_OBJC_ISA_USAGE = YES_ERROR;
				CLANG_WARN_DOCUMENTATION_COMMENTS = YES;
				CLANG_WARN_EMPTY_BODY = YES;
				CLANG_WARN_ENUM_CONVERSION = YES;
				CLANG_WARN_INFINITE_RECURSION = YES;
				CLANG_WARN_INT_CONVERSION = YES;
				CLANG_WARN_NON_LITERAL_NULL_CONVERSION = YES;
				CLANG_WARN_OBJC_IMPLICIT_RETAIN_SELF = YES;
				CLANG_WARN_OBJC_LITERAL_CONVERSION = YES;
				CLANG_WARN_OBJC_ROOT_CLASS = YES_ERROR;
				CLANG_WARN_QUOTED_INCLUDE_IN_FRAMEWORK_HEADER = YES;
				CLANG_WARN_RANGE_LOOP_ANALYSIS = YES;
				CLANG_WARN_STRICT_PROTOTYPES = YES;
				CLANG_WARN_SUSPICIOUS_MOVE = YES;
				CLANG_WARN_UNGUARDED_AVAILABILITY = YES_AGGRESSIVE;
				CLANG_WARN_UNREACHABLE_CODE = YES;
				CLANG_WARN__DUPLICATE_METHOD_MATCH = YES;
				COPY_PHASE_STRIP = NO;
				DEBUG_INFORMATION_FORMAT = dwarf;
				ENABLE_STRICT_OBJC_MSGSEND = YES;
				ENABLE_TESTABILITY = YES;
				ENABLE_USER_SCRIPT_SANDBOXING = YES;
				GCC_C_LANGUAGE_STANDARD = gnu17;
				GCC_DYNAMIC_NO_PIC = NO;
				GCC_NO_COMMON_BLOCKS = YES;
				GCC_OPTIMIZATION_LEVEL = 0;
				GCC_PREPROCESSOR_DEFINITIONS = (
					"DEBUG=1",
					"$(inherited)",
				);
				GCC_WARN_64_TO_32_BIT_CONVERSION = YES;
				GCC_WARN_ABOUT_RETURN_TYPE = YES_ERROR;
				GCC_WARN_UNDECLARED_SELECTOR = YES;
				GCC_WARN_UNINITIALIZED_AUTOS = YES_AGGRESSIVE;
				GCC_WARN_UNUSED_FUNCTION = YES;
				GCC_WARN_UNUSED_VARIABLE = YES;
				IPHONEOS_DEPLOYMENT_TARGET = 17.2;
				LOCALIZATION_PREFERS_STRING_CATALOGS = YES;
				MTL_ENABLE_DEBUG_INFO = INCLUDE_SOURCE;
				MTL_FAST_MATH = YES;
				ONLY_ACTIVE_ARCH = YES;
				SDKROOT = iphoneos;
				SWIFT_ACTIVE_COMPILATION_CONDITIONS = "DEBUG $(inherited)";
				SWIFT_OPTIMIZATION_LEVEL = "-Onone";
			};
			name = Debug;
		};
		859C71C52B6D020100DD233D /* Release */ = {
			isa = XCBuildConfiguration;
			buildSettings = {
				ALWAYS_SEARCH_USER_PATHS = NO;
				ASSETCATALOG_COMPILER_GENERATE_SWIFT_ASSET_SYMBOL_EXTENSIONS = YES;
				CLANG_ANALYZER_NONNULL = YES;
				CLANG_ANALYZER_NUMBER_OBJECT_CONVERSION = YES_AGGRESSIVE;
				CLANG_CXX_LANGUAGE_STANDARD = "gnu++20";
				CLANG_ENABLE_MODULES = YES;
				CLANG_ENABLE_OBJC_ARC = YES;
				CLANG_ENABLE_OBJC_WEAK = YES;
				CLANG_WARN_BLOCK_CAPTURE_AUTORELEASING = YES;
				CLANG_WARN_BOOL_CONVERSION = YES;
				CLANG_WARN_COMMA = YES;
				CLANG_WARN_CONSTANT_CONVERSION = YES;
				CLANG_WARN_DEPRECATED_OBJC_IMPLEMENTATIONS = YES;
				CLANG_WARN_DIRECT_OBJC_ISA_USAGE = YES_ERROR;
				CLANG_WARN_DOCUMENTATION_COMMENTS = YES;
				CLANG_WARN_EMPTY_BODY = YES;
				CLANG_WARN_ENUM_CONVERSION = YES;
				CLANG_WARN_INFINITE_RECURSION = YES;
				CLANG_WARN_INT_CONVERSION = YES;
				CLANG_WARN_NON_LITERAL_NULL_CONVERSION = YES;
				CLANG_WARN_OBJC_IMPLICIT_RETAIN_SELF = YES;
				CLANG_WARN_OBJC_LITERAL_CONVERSION = YES;
				CLANG_WARN_OBJC_ROOT_CLASS = YES_ERROR;
				CLANG_WARN_QUOTED_INCLUDE_IN_FRAMEWORK_HEADER = YES;
				CLANG_WARN_RANGE_LOOP_ANALYSIS = YES;
				CLANG_WARN_STRICT_PROTOTYPES = YES;
				CLANG_WARN_SUSPICIOUS_MOVE = YES;
				CLANG_WARN_UNGUARDED_AVAILABILITY = YES_AGGRESSIVE;
				CLANG_WARN_UNREACHABLE_CODE = YES;
				CLANG_WARN__DUPLICATE_METHOD_MATCH = YES;
				COPY_PHASE_STRIP = NO;
				DEBUG_INFORMATION_FORMAT = "dwarf-with-dsym";
				ENABLE_NS_ASSERTIONS = NO;
				ENABLE_STRICT_OBJC_MSGSEND = YES;
				ENABLE_USER_SCRIPT_SANDBOXING = YES;
				GCC_C_LANGUAGE_STANDARD = gnu17;
				GCC_NO_COMMON_BLOCKS = YES;
				GCC_WARN_64_TO_32_BIT_CONVERSION = YES;
				GCC_WARN_ABOUT_RETURN_TYPE = YES_ERROR;
				GCC_WARN_UNDECLARED_SELECTOR = YES;
				GCC_WARN_UNINITIALIZED_AUTOS = YES_AGGRESSIVE;
				GCC_WARN_UNUSED_FUNCTION = YES;
				GCC_WARN_UNUSED_VARIABLE = YES;
				IPHONEOS_DEPLOYMENT_TARGET = 17.2;
				LOCALIZATION_PREFERS_STRING_CATALOGS = YES;
				MTL_ENABLE_DEBUG_INFO = NO;
				MTL_FAST_MATH = YES;
				SDKROOT = iphoneos;
				SWIFT_COMPILATION_MODE = wholemodule;
				VALIDATE_PRODUCT = YES;
			};
			name = Release;
		};
		859C71C72B6D020100DD233D /* Debug */ = {
			isa = XCBuildConfiguration;
			buildSettings = {
				ASSETCATALOG_COMPILER_APPICON_NAME = AppIcon;
				ASSETCATALOG_COMPILER_GLOBAL_ACCENT_COLOR_NAME = AccentColor;
				CODE_SIGN_STYLE = Automatic;
				CURRENT_PROJECT_VERSION = 1;
				DEVELOPMENT_ASSET_PATHS = "\"GuessTheFlag/Preview Content\"";
				DEVELOPMENT_TEAM = G7288VLMJ6;
				ENABLE_PREVIEWS = YES;
				GENERATE_INFOPLIST_FILE = YES;
				INFOPLIST_KEY_UIApplicationSceneManifest_Generation = YES;
				INFOPLIST_KEY_UIApplicationSupportsIndirectInputEvents = YES;
				INFOPLIST_KEY_UILaunchScreen_Generation = YES;
				INFOPLIST_KEY_UISupportedInterfaceOrientations_iPad = "UIInterfaceOrientationPortrait UIInterfaceOrientationPortraitUpsideDown UIInterfaceOrientationLandscapeLeft UIInterfaceOrientationLandscapeRight";
				INFOPLIST_KEY_UISupportedInterfaceOrientations_iPhone = "UIInterfaceOrientationPortrait UIInterfaceOrientationLandscapeLeft UIInterfaceOrientationLandscapeRight";
				LD_RUNPATH_SEARCH_PATHS = (
					"$(inherited)",
					"@executable_path/Frameworks",
				);
				MARKETING_VERSION = 1.0;
				PRODUCT_BUNDLE_IDENTIFIER = com.lalazov.yunus.GuessTheFlag;
				PRODUCT_NAME = "$(TARGET_NAME)";
				SWIFT_EMIT_LOC_STRINGS = YES;
				SWIFT_VERSION = 5.0;
				TARGETED_DEVICE_FAMILY = "1,2";
			};
			name = Debug;
		};
		859C71C82B6D020100DD233D /* Release */ = {
			isa = XCBuildConfiguration;
			buildSettings = {
				ASSETCATALOG_COMPILER_APPICON_NAME = AppIcon;
				ASSETCATALOG_COMPILER_GLOBAL_ACCENT_COLOR_NAME = AccentColor;
				CODE_SIGN_STYLE = Automatic;
				CURRENT_PROJECT_VERSION = 1;
				DEVELOPMENT_ASSET_PATHS = "\"GuessTheFlag/Preview Content\"";
				DEVELOPMENT_TEAM = G7288VLMJ6;
				ENABLE_PREVIEWS = YES;
				GENERATE_INFOPLIST_FILE = YES;
				INFOPLIST_KEY_UIApplicationSceneManifest_Generation = YES;
				INFOPLIST_KEY_UIApplicationSupportsIndirectInputEvents = YES;
				INFOPLIST_KEY_UILaunchScreen_Generation = YES;
				INFOPLIST_KEY_UISupportedInterfaceOrientations_iPad = "UIInterfaceOrientationPortrait UIInterfaceOrientationPortraitUpsideDown UIInterfaceOrientationLandscapeLeft UIInterfaceOrientationLandscapeRight";
				INFOPLIST_KEY_UISupportedInterfaceOrientations_iPhone = "UIInterfaceOrientationPortrait UIInterfaceOrientationLandscapeLeft UIInterfaceOrientationLandscapeRight";
				LD_RUNPATH_SEARCH_PATHS = (
					"$(inherited)",
					"@executable_path/Frameworks",
				);
				MARKETING_VERSION = 1.0;
				PRODUCT_BUNDLE_IDENTIFIER = com.lalazov.yunus.GuessTheFlag;
				PRODUCT_NAME = "$(TARGET_NAME)";
				SWIFT_EMIT_LOC_STRINGS = YES;
				SWIFT_VERSION = 5.0;
				TARGETED_DEVICE_FAMILY = "1,2";
			};
			name = Release;
		};
/* End XCBuildConfiguration section */

/* Begin XCConfigurationList section */
		859C71B32B6D01FF00DD233D /* Build configuration list for PBXProject "GuessTheFlag" */ = {
			isa = XCConfigurationList;
			buildConfigurations = (
				859C71C42B6D020100DD233D /* Debug */,
				859C71C52B6D020100DD233D /* Release */,
			);
			defaultConfigurationIsVisible = 0;
			defaultConfigurationName = Release;
		};
		859C71C62B6D020100DD233D /* Build configuration list for PBXNativeTarget "GuessTheFlag" */ = {
			isa = XCConfigurationList;
			buildConfigurations = (
				859C71C72B6D020100DD233D /* Debug */,
				859C71C82B6D020100DD233D /* Release */,
			);
			defaultConfigurationIsVisible = 0;
			defaultConfigurationName = Release;
		};
/* End XCConfigurationList section */
	};
	rootObject = 859C71B02B6D01FF00DD233D /* Project object */;
}
