// !$*UTF8*$!
{
	archiveVersion = 1;
	classes = {
	};
	objectVersion = 56;
	objects = {

/* Begin PBXBuildFile section */
		85A6CCAE2B932098005D6025 /* NewsViewController.swift in Sources */ = {isa = PBXBuildFile; fileRef = 85A6CCAD2B932098005D6025 /* NewsViewController.swift */; };
		85A6CCB02B9320AA005D6025 /* SearchViewController.swift in Sources */ = {isa = PBXBuildFile; fileRef = 85A6CCAF2B9320AA005D6025 /* SearchViewController.swift */; };
		85A6CCB42B935C44005D6025 /* NewsTableViewCell.swift in Sources */ = {isa = PBXBuildFile; fileRef = 85A6CCB32B935C44005D6025 /* NewsTableViewCell.swift */; };
		85AC9E082B8EEC98002C8D26 /* AppDelegate.swift in Sources */ = {isa = PBXBuildFile; fileRef = 85AC9E072B8EEC98002C8D26 /* AppDelegate.swift */; };
		85AC9E0A2B8EEC98002C8D26 /* SceneDelegate.swift in Sources */ = {isa = PBXBuildFile; fileRef = 85AC9E092B8EEC98002C8D26 /* SceneDelegate.swift */; };
		85AC9E0C2B8EEC98002C8D26 /* ViewController.swift in Sources */ = {isa = PBXBuildFile; fileRef = 85AC9E0B2B8EEC98002C8D26 /* ViewController.swift */; };
		85AC9E0F2B8EEC98002C8D26 /* Main.storyboard in Resources */ = {isa = PBXBuildFile; fileRef = 85AC9E0D2B8EEC98002C8D26 /* Main.storyboard */; };
		85AC9E122B8EEC98002C8D26 /* newsApp.xcdatamodeld in Sources */ = {isa = PBXBuildFile; fileRef = 85AC9E102B8EEC98002C8D26 /* newsApp.xcdatamodeld */; };
		85AC9E142B8EEC9A002C8D26 /* Assets.xcassets in Resources */ = {isa = PBXBuildFile; fileRef = 85AC9E132B8EEC9A002C8D26 /* Assets.xcassets */; };
		85AC9E172B8EEC9A002C8D26 /* LaunchScreen.storyboard in Resources */ = {isa = PBXBuildFile; fileRef = 85AC9E152B8EEC9A002C8D26 /* LaunchScreen.storyboard */; };
		85AC9E222B8EECE1002C8D26 /* NewsData.swift in Sources */ = {isa = PBXBuildFile; fileRef = 85AC9E212B8EECE0002C8D26 /* NewsData.swift */; };
		85AC9E242B8EECEE002C8D26 /* NewsManager.swift in Sources */ = {isa = PBXBuildFile; fileRef = 85AC9E232B8EECEE002C8D26 /* NewsManager.swift */; };
		85EED48A2B9859DA00BAAE97 /* StorageManager.swift in Sources */ = {isa = PBXBuildFile; fileRef = 85EED4892B9859DA00BAAE97 /* StorageManager.swift */; };
		85EED48C2B985ADC00BAAE97 /* SavedViewController.swift in Sources */ = {isa = PBXBuildFile; fileRef = 85EED48B2B985ADC00BAAE97 /* SavedViewController.swift */; };
/* End PBXBuildFile section */

/* Begin PBXFileReference section */
		85A6CCAD2B932098005D6025 /* NewsViewController.swift */ = {isa = PBXFileReference; lastKnownFileType = sourcecode.swift; path = NewsViewController.swift; sourceTree = "<group>"; };
		85A6CCAF2B9320AA005D6025 /* SearchViewController.swift */ = {isa = PBXFileReference; lastKnownFileType = sourcecode.swift; path = SearchViewController.swift; sourceTree = "<group>"; };
		85A6CCB32B935C44005D6025 /* NewsTableViewCell.swift */ = {isa = PBXFileReference; lastKnownFileType = sourcecode.swift; path = NewsTableViewCell.swift; sourceTree = "<group>"; };
		85AC9E042B8EEC98002C8D26 /* newsApp.app */ = {isa = PBXFileReference; explicitFileType = wrapper.application; includeInIndex = 0; path = newsApp.app; sourceTree = BUILT_PRODUCTS_DIR; };
		85AC9E072B8EEC98002C8D26 /* AppDelegate.swift */ = {isa = PBXFileReference; lastKnownFileType = sourcecode.swift; path = AppDelegate.swift; sourceTree = "<group>"; };
		85AC9E092B8EEC98002C8D26 /* SceneDelegate.swift */ = {isa = PBXFileReference; lastKnownFileType = sourcecode.swift; path = SceneDelegate.swift; sourceTree = "<group>"; };
		85AC9E0B2B8EEC98002C8D26 /* ViewController.swift */ = {isa = PBXFileReference; lastKnownFileType = sourcecode.swift; path = ViewController.swift; sourceTree = "<group>"; };
		85AC9E0E2B8EEC98002C8D26 /* Base */ = {isa = PBXFileReference; lastKnownFileType = file.storyboard; name = Base; path = Base.lproj/Main.storyboard; sourceTree = "<group>"; };
		85AC9E112B8EEC98002C8D26 /* newsApp.xcdatamodel */ = {isa = PBXFileReference; lastKnownFileType = wrapper.xcdatamodel; path = newsApp.xcdatamodel; sourceTree = "<group>"; };
		85AC9E132B8EEC9A002C8D26 /* Assets.xcassets */ = {isa = PBXFileReference; lastKnownFileType = folder.assetcatalog; path = Assets.xcassets; sourceTree = "<group>"; };
		85AC9E162B8EEC9A002C8D26 /* Base */ = {isa = PBXFileReference; lastKnownFileType = file.storyboard; name = Base; path = Base.lproj/LaunchScreen.storyboard; sourceTree = "<group>"; };
		85AC9E182B8EEC9A002C8D26 /* Info.plist */ = {isa = PBXFileReference; lastKnownFileType = text.plist.xml; path = Info.plist; sourceTree = "<group>"; };
		85AC9E212B8EECE0002C8D26 /* NewsData.swift */ = {isa = PBXFileReference; lastKnownFileType = sourcecode.swift; path = NewsData.swift; sourceTree = "<group>"; };
		85AC9E232B8EECEE002C8D26 /* NewsManager.swift */ = {isa = PBXFileReference; lastKnownFileType = sourcecode.swift; path = NewsManager.swift; sourceTree = "<group>"; };
		85EED4892B9859DA00BAAE97 /* StorageManager.swift */ = {isa = PBXFileReference; lastKnownFileType = sourcecode.swift; path = StorageManager.swift; sourceTree = "<group>"; };
		85EED48B2B985ADC00BAAE97 /* SavedViewController.swift */ = {isa = PBXFileReference; lastKnownFileType = sourcecode.swift; path = SavedViewController.swift; sourceTree = "<group>"; };
/* End PBXFileReference section */

/* Begin PBXFrameworksBuildPhase section */
		85AC9E012B8EEC98002C8D26 /* Frameworks */ = {
			isa = PBXFrameworksBuildPhase;
			buildActionMask = 2147483647;
			files = (
			);
			runOnlyForDeploymentPostprocessing = 0;
		};
/* End PBXFrameworksBuildPhase section */

/* Begin PBXGroup section */
		85AC9DFB2B8EEC98002C8D26 = {
			isa = PBXGroup;
			children = (
				85AC9E062B8EEC98002C8D26 /* newsApp */,
				85AC9E052B8EEC98002C8D26 /* Products */,
			);
			sourceTree = "<group>";
		};
		85AC9E052B8EEC98002C8D26 /* Products */ = {
			isa = PBXGroup;
			children = (
				85AC9E042B8EEC98002C8D26 /* newsApp.app */,
			);
			name = Products;
			sourceTree = "<group>";
		};
		85AC9E062B8EEC98002C8D26 /* newsApp */ = {
			isa = PBXGroup;
			children = (
				85AC9E202B8EECC4002C8D26 /* Controller */,
				85AC9E1F2B8EECB5002C8D26 /* View */,
				85AC9E1E2B8EECAE002C8D26 /* Model */,
				85AC9E072B8EEC98002C8D26 /* AppDelegate.swift */,
				85AC9E092B8EEC98002C8D26 /* SceneDelegate.swift */,
				85AC9E132B8EEC9A002C8D26 /* Assets.xcassets */,
				85AC9E152B8EEC9A002C8D26 /* LaunchScreen.storyboard */,
				85AC9E182B8EEC9A002C8D26 /* Info.plist */,
				85AC9E102B8EEC98002C8D26 /* newsApp.xcdatamodeld */,
			);
			path = newsApp;
			sourceTree = "<group>";
		};
		85AC9E1E2B8EECAE002C8D26 /* Model */ = {
			isa = PBXGroup;
			children = (
				85AC9E212B8EECE0002C8D26 /* NewsData.swift */,
				85AC9E232B8EECEE002C8D26 /* NewsManager.swift */,
				85EED4892B9859DA00BAAE97 /* StorageManager.swift */,
			);
			path = Model;
			sourceTree = "<group>";
		};
		85AC9E1F2B8EECB5002C8D26 /* View */ = {
			isa = PBXGroup;
			children = (
				85AC9E0D2B8EEC98002C8D26 /* Main.storyboard */,
			);
			path = View;
			sourceTree = "<group>";
		};
		85AC9E202B8EECC4002C8D26 /* Controller */ = {
			isa = PBXGroup;
			children = (
				85AC9E0B2B8EEC98002C8D26 /* ViewController.swift */,
				85A6CCAD2B932098005D6025 /* NewsViewController.swift */,
				85A6CCAF2B9320AA005D6025 /* SearchViewController.swift */,
				85A6CCB32B935C44005D6025 /* NewsTableViewCell.swift */,
				85EED48B2B985ADC00BAAE97 /* SavedViewController.swift */,
			);
			path = Controller;
			sourceTree = "<group>";
		};
/* End PBXGroup section */

/* Begin PBXNativeTarget section */
		85AC9E032B8EEC98002C8D26 /* newsApp */ = {
			isa = PBXNativeTarget;
			buildConfigurationList = 85AC9E1B2B8EEC9A002C8D26 /* Build configuration list for PBXNativeTarget "newsApp" */;
			buildPhases = (
				85AC9E002B8EEC98002C8D26 /* Sources */,
				85AC9E012B8EEC98002C8D26 /* Frameworks */,
				85AC9E022B8EEC98002C8D26 /* Resources */,
			);
			buildRules = (
			);
			dependencies = (
			);
			name = newsApp;
			productName = newsApp;
			productReference = 85AC9E042B8EEC98002C8D26 /* newsApp.app */;
			productType = "com.apple.product-type.application";
		};
/* End PBXNativeTarget section */

/* Begin PBXProject section */
		85AC9DFC2B8EEC98002C8D26 /* Project object */ = {
			isa = PBXProject;
			attributes = {
				BuildIndependentTargetsInParallel = 1;
				LastSwiftUpdateCheck = 1520;
				LastUpgradeCheck = 1520;
				TargetAttributes = {
					85AC9E032B8EEC98002C8D26 = {
						CreatedOnToolsVersion = 15.2;
					};
				};
			};
			buildConfigurationList = 85AC9DFF2B8EEC98002C8D26 /* Build configuration list for PBXProject "newsApp" */;
			compatibilityVersion = "Xcode 14.0";
			developmentRegion = en;
			hasScannedForEncodings = 0;
			knownRegions = (
				en,
				Base,
			);
			mainGroup = 85AC9DFB2B8EEC98002C8D26;
			productRefGroup = 85AC9E052B8EEC98002C8D26 /* Products */;
			projectDirPath = "";
			projectRoot = "";
			targets = (
				85AC9E032B8EEC98002C8D26 /* newsApp */,
			);
		};
/* End PBXProject section */

/* Begin PBXResourcesBuildPhase section */
		85AC9E022B8EEC98002C8D26 /* Resources */ = {
			isa = PBXResourcesBuildPhase;
			buildActionMask = 2147483647;
			files = (
				85AC9E172B8EEC9A002C8D26 /* LaunchScreen.storyboard in Resources */,
				85AC9E142B8EEC9A002C8D26 /* Assets.xcassets in Resources */,
				85AC9E0F2B8EEC98002C8D26 /* Main.storyboard in Resources */,
			);
			runOnlyForDeploymentPostprocessing = 0;
		};
/* End PBXResourcesBuildPhase section */

/* Begin PBXSourcesBuildPhase section */
		85AC9E002B8EEC98002C8D26 /* Sources */ = {
			isa = PBXSourcesBuildPhase;
			buildActionMask = 2147483647;
			files = (
				85AC9E0C2B8EEC98002C8D26 /* ViewController.swift in Sources */,
				85AC9E082B8EEC98002C8D26 /* AppDelegate.swift in Sources */,
				85EED48A2B9859DA00BAAE97 /* StorageManager.swift in Sources */,
				85A6CCB42B935C44005D6025 /* NewsTableViewCell.swift in Sources */,
				85A6CCB02B9320AA005D6025 /* SearchViewController.swift in Sources */,
				85AC9E122B8EEC98002C8D26 /* newsApp.xcdatamodeld in Sources */,
				85AC9E0A2B8EEC98002C8D26 /* SceneDelegate.swift in Sources */,
				85A6CCAE2B932098005D6025 /* NewsViewController.swift in Sources */,
				85EED48C2B985ADC00BAAE97 /* SavedViewController.swift in Sources */,
				85AC9E242B8EECEE002C8D26 /* NewsManager.swift in Sources */,
				85AC9E222B8EECE1002C8D26 /* NewsData.swift in Sources */,
			);
			runOnlyForDeploymentPostprocessing = 0;
		};
/* End PBXSourcesBuildPhase section */

/* Begin PBXVariantGroup section */
		85AC9E0D2B8EEC98002C8D26 /* Main.storyboard */ = {
			isa = PBXVariantGroup;
			children = (
				85AC9E0E2B8EEC98002C8D26 /* Base */,
			);
			name = Main.storyboard;
			sourceTree = "<group>";
		};
		85AC9E152B8EEC9A002C8D26 /* LaunchScreen.storyboard */ = {
			isa = PBXVariantGroup;
			children = (
				85AC9E162B8EEC9A002C8D26 /* Base */,
			);
			name = LaunchScreen.storyboard;
			sourceTree = "<group>";
		};
/* End PBXVariantGroup section */

/* Begin XCBuildConfiguration section */
		85AC9E192B8EEC9A002C8D26 /* Debug */ = {
			isa = XCBuildConfiguration;
			buildSettings = {
				ALWAYS_SEARCH_USER_PATHS = NO;
				ASSETCATALOG_COMPILER_GENERATE_SWIFT_ASSET_SYMBOL_EXTENSIONS = YES;
				CLANG_ANALYZER_NONNULL = YES;
				CLANG_ANALYZER_NUMBER_OBJECT_CONVERSION = YES_AGGRESSIVE;
				CLANG_CXX_LANGUAGE_STANDARD = "gnu++20";
				CLANG_ENABLE_MODULES = YES;
				CLANG_ENABLE_OBJC_ARC = YES;
				CLANG_ENABLE_OBJC_WEAK = YES;
				CLANG_WARN_BLOCK_CAPTURE_AUTORELEASING = YES;
				CLANG_WARN_BOOL_CONVERSION = YES;
				CLANG_WARN_COMMA = YES;
				CLANG_WARN_CONSTANT_CONVERSION = YES;
				CLANG_WARN_DEPRECATED_OBJC_IMPLEMENTATIONS = YES;
				CLANG_WARN_DIRECT_OBJC_ISA_USAGE = YES_ERROR;
				CLANG_WARN_DOCUMENTATION_COMMENTS = YES;
				CLANG_WARN_EMPTY_BODY = YES;
				CLANG_WARN_ENUM_CONVERSION = YES;
				CLANG_WARN_INFINITE_RECURSION = YES;
				CLANG_WARN_INT_CONVERSION = YES;
				CLANG_WARN_NON_LITERAL_NULL_CONVERSION = YES;
				CLANG_WARN_OBJC_IMPLICIT_RETAIN_SELF = YES;
				CLANG_WARN_OBJC_LITERAL_CONVERSION = YES;
				CLANG_WARN_OBJC_ROOT_CLASS = YES_ERROR;
				CLANG_WARN_QUOTED_INCLUDE_IN_FRAMEWORK_HEADER = YES;
				CLANG_WARN_RANGE_LOOP_ANALYSIS = YES;
				CLANG_WARN_STRICT_PROTOTYPES = YES;
				CLANG_WARN_SUSPICIOUS_MOVE = YES;
				CLANG_WARN_UNGUARDED_AVAILABILITY = YES_AGGRESSIVE;
				CLANG_WARN_UNREACHABLE_CODE = YES;
				CLANG_WARN__DUPLICATE_METHOD_MATCH = YES;
				COPY_PHASE_STRIP = NO;
				DEBUG_INFORMATION_FORMAT = dwarf;
				ENABLE_STRICT_OBJC_MSGSEND = YES;
				ENABLE_TESTABILITY = YES;
				ENABLE_USER_SCRIPT_SANDBOXING = YES;
				GCC_C_LANGUAGE_STANDARD = gnu17;
				GCC_DYNAMIC_NO_PIC = NO;
				GCC_NO_COMMON_BLOCKS = YES;
				GCC_OPTIMIZATION_LEVEL = 0;
				GCC_PREPROCESSOR_DEFINITIONS = (
					"DEBUG=1",
					"$(inherited)",
				);
				GCC_WARN_64_TO_32_BIT_CONVERSION = YES;
				GCC_WARN_ABOUT_RETURN_TYPE = YES_ERROR;
				GCC_WARN_UNDECLARED_SELECTOR = YES;
				GCC_WARN_UNINITIALIZED_AUTOS = YES_AGGRESSIVE;
				GCC_WARN_UNUSED_FUNCTION = YES;
				GCC_WARN_UNUSED_VARIABLE = YES;
				IPHONEOS_DEPLOYMENT_TARGET = 17.2;
				LOCALIZATION_PREFERS_STRING_CATALOGS = YES;
				MTL_ENABLE_DEBUG_INFO = INCLUDE_SOURCE;
				MTL_FAST_MATH = YES;
				ONLY_ACTIVE_ARCH = YES;
				SDKROOT = iphoneos;
				SWIFT_ACTIVE_COMPILATION_CONDITIONS = "DEBUG $(inherited)";
				SWIFT_OPTIMIZATION_LEVEL = "-Onone";
			};
			name = Debug;
		};
		85AC9E1A2B8EEC9A002C8D26 /* Release */ = {
			isa = XCBuildConfiguration;
			buildSettings = {
				ALWAYS_SEARCH_USER_PATHS = NO;
				ASSETCATALOG_COMPILER_GENERATE_SWIFT_ASSET_SYMBOL_EXTENSIONS = YES;
				CLANG_ANALYZER_NONNULL = YES;
				CLANG_ANALYZER_NUMBER_OBJECT_CONVERSION = YES_AGGRESSIVE;
				CLANG_CXX_LANGUAGE_STANDARD = "gnu++20";
				CLANG_ENABLE_MODULES = YES;
				CLANG_ENABLE_OBJC_ARC = YES;
				CLANG_ENABLE_OBJC_WEAK = YES;
				CLANG_WARN_BLOCK_CAPTURE_AUTORELEASING = YES;
				CLANG_WARN_BOOL_CONVERSION = YES;
				CLANG_WARN_COMMA = YES;
				CLANG_WARN_CONSTANT_CONVERSION = YES;
				CLANG_WARN_DEPRECATED_OBJC_IMPLEMENTATIONS = YES;
				CLANG_WARN_DIRECT_OBJC_ISA_USAGE = YES_ERROR;
				CLANG_WARN_DOCUMENTATION_COMMENTS = YES;
				CLANG_WARN_EMPTY_BODY = YES;
				CLANG_WARN_ENUM_CONVERSION = YES;
				CLANG_WARN_INFINITE_RECURSION = YES;
				CLANG_WARN_INT_CONVERSION = YES;
				CLANG_WARN_NON_LITERAL_NULL_CONVERSION = YES;
				CLANG_WARN_OBJC_IMPLICIT_RETAIN_SELF = YES;
				CLANG_WARN_OBJC_LITERAL_CONVERSION = YES;
				CLANG_WARN_OBJC_ROOT_CLASS = YES_ERROR;
				CLANG_WARN_QUOTED_INCLUDE_IN_FRAMEWORK_HEADER = YES;
				CLANG_WARN_RANGE_LOOP_ANALYSIS = YES;
				CLANG_WARN_STRICT_PROTOTYPES = YES;
				CLANG_WARN_SUSPICIOUS_MOVE = YES;
				CLANG_WARN_UNGUARDED_AVAILABILITY = YES_AGGRESSIVE;
				CLANG_WARN_UNREACHABLE_CODE = YES;
				CLANG_WARN__DUPLICATE_METHOD_MATCH = YES;
				COPY_PHASE_STRIP = NO;
				DEBUG_INFORMATION_FORMAT = "dwarf-with-dsym";
				ENABLE_NS_ASSERTIONS = NO;
				ENABLE_STRICT_OBJC_MSGSEND = YES;
				ENABLE_USER_SCRIPT_SANDBOXING = YES;
				GCC_C_LANGUAGE_STANDARD = gnu17;
				GCC_NO_COMMON_BLOCKS = YES;
				GCC_WARN_64_TO_32_BIT_CONVERSION = YES;
				GCC_WARN_ABOUT_RETURN_TYPE = YES_ERROR;
				GCC_WARN_UNDECLARED_SELECTOR = YES;
				GCC_WARN_UNINITIALIZED_AUTOS = YES_AGGRESSIVE;
				GCC_WARN_UNUSED_FUNCTION = YES;
				GCC_WARN_UNUSED_VARIABLE = YES;
				IPHONEOS_DEPLOYMENT_TARGET = 17.2;
				LOCALIZATION_PREFERS_STRING_CATALOGS = YES;
				MTL_ENABLE_DEBUG_INFO = NO;
				MTL_FAST_MATH = YES;
				SDKROOT = iphoneos;
				SWIFT_COMPILATION_MODE = wholemodule;
				VALIDATE_PRODUCT = YES;
			};
			name = Release;
		};
		85AC9E1C2B8EEC9A002C8D26 /* Debug */ = {
			isa = XCBuildConfiguration;
			buildSettings = {
				ASSETCATALOG_COMPILER_APPICON_NAME = AppIcon;
				ASSETCATALOG_COMPILER_GLOBAL_ACCENT_COLOR_NAME = AccentColor;
				CODE_SIGN_STYLE = Automatic;
				CURRENT_PROJECT_VERSION = 1;
				DEVELOPMENT_TEAM = G7288VLMJ6;
				GENERATE_INFOPLIST_FILE = YES;
				INFOPLIST_FILE = newsApp/Info.plist;
				INFOPLIST_KEY_UIApplicationSupportsIndirectInputEvents = YES;
				INFOPLIST_KEY_UILaunchStoryboardName = LaunchScreen;
				INFOPLIST_KEY_UIMainStoryboardFile = Main;
				INFOPLIST_KEY_UISupportedInterfaceOrientations_iPad = "UIInterfaceOrientationPortrait UIInterfaceOrientationPortraitUpsideDown UIInterfaceOrientationLandscapeLeft UIInterfaceOrientationLandscapeRight";
				INFOPLIST_KEY_UISupportedInterfaceOrientations_iPhone = "UIInterfaceOrientationPortrait UIInterfaceOrientationLandscapeLeft UIInterfaceOrientationLandscapeRight";
				LD_RUNPATH_SEARCH_PATHS = (
					"$(inherited)",
					"@executable_path/Frameworks",
				);
				MARKETING_VERSION = 1.0;
				PRODUCT_BUNDLE_IDENTIFIER = com.lalazov.yunus.newsApp;
				PRODUCT_NAME = "$(TARGET_NAME)";
				SWIFT_EMIT_LOC_STRINGS = YES;
				SWIFT_VERSION = 5.0;
				TARGETED_DEVICE_FAMILY = "1,2";
			};
			name = Debug;
		};
		85AC9E1D2B8EEC9A002C8D26 /* Release */ = {
			isa = XCBuildConfiguration;
			buildSettings = {
				ASSETCATALOG_COMPILER_APPICON_NAME = AppIcon;
				ASSETCATALOG_COMPILER_GLOBAL_ACCENT_COLOR_NAME = AccentColor;
				CODE_SIGN_STYLE = Automatic;
				CURRENT_PROJECT_VERSION = 1;
				DEVELOPMENT_TEAM = G7288VLMJ6;
				GENERATE_INFOPLIST_FILE = YES;
				INFOPLIST_FILE = newsApp/Info.plist;
				INFOPLIST_KEY_UIApplicationSupportsIndirectInputEvents = YES;
				INFOPLIST_KEY_UILaunchStoryboardName = LaunchScreen;
				INFOPLIST_KEY_UIMainStoryboardFile = Main;
				INFOPLIST_KEY_UISupportedInterfaceOrientations_iPad = "UIInterfaceOrientationPortrait UIInterfaceOrientationPortraitUpsideDown UIInterfaceOrientationLandscapeLeft UIInterfaceOrientationLandscapeRight";
				INFOPLIST_KEY_UISupportedInterfaceOrientations_iPhone = "UIInterfaceOrientationPortrait UIInterfaceOrientationLandscapeLeft UIInterfaceOrientationLandscapeRight";
				LD_RUNPATH_SEARCH_PATHS = (
					"$(inherited)",
					"@executable_path/Frameworks",
				);
				MARKETING_VERSION = 1.0;
				PRODUCT_BUNDLE_IDENTIFIER = com.lalazov.yunus.newsApp;
				PRODUCT_NAME = "$(TARGET_NAME)";
				SWIFT_EMIT_LOC_STRINGS = YES;
				SWIFT_VERSION = 5.0;
				TARGETED_DEVICE_FAMILY = "1,2";
			};
			name = Release;
		};
/* End XCBuildConfiguration section */

/* Begin XCConfigurationList section */
		85AC9DFF2B8EEC98002C8D26 /* Build configuration list for PBXProject "newsApp" */ = {
			isa = XCConfigurationList;
			buildConfigurations = (
				85AC9E192B8EEC9A002C8D26 /* Debug */,
				85AC9E1A2B8EEC9A002C8D26 /* Release */,
			);
			defaultConfigurationIsVisible = 0;
			defaultConfigurationName = Release;
		};
		85AC9E1B2B8EEC9A002C8D26 /* Build configuration list for PBXNativeTarget "newsApp" */ = {
			isa = XCConfigurationList;
			buildConfigurations = (
				85AC9E1C2B8EEC9A002C8D26 /* Debug */,
				85AC9E1D2B8EEC9A002C8D26 /* Release */,
			);
			defaultConfigurationIsVisible = 0;
			defaultConfigurationName = Release;
		};
/* End XCConfigurationList section */

/* Begin XCVersionGroup section */
		85AC9E102B8EEC98002C8D26 /* newsApp.xcdatamodeld */ = {
			isa = XCVersionGroup;
			children = (
				85AC9E112B8EEC98002C8D26 /* newsApp.xcdatamodel */,
			);
			currentVersion = 85AC9E112B8EEC98002C8D26 /* newsApp.xcdatamodel */;
			path = newsApp.xcdatamodeld;
			sourceTree = "<group>";
			versionGroupType = wrapper.xcdatamodel;
		};
/* End XCVersionGroup section */
	};
	rootObject = 85AC9DFC2B8EEC98002C8D26 /* Project object */;
}
